
Microsoft Visual Studio Solution File, Format Version 12.00
# Visual Studio Version 17
VisualStudioVersion = 17.0.31903.59
MinimumVisualStudioVersion = 10.0.40219.1
Project("{FAE04EC0-301F-11D3-BF4B-00C04F79EFBC}") = "Frank.SourceGenerator.AdditionalFiles", "Frank.SourceGenerator.AdditionalFiles\Frank.SourceGenerator.AdditionalFiles.csproj", "{74AF33E0-8E68-4109-9D05-361A275F2620}"
EndProject
Project("{FAE04EC0-301F-11D3-BF4B-00C04F79EFBC}") = "Frank.SourceGenerator.AdditionalFiles.Tests", "Frank.SourceGenerator.AdditionalFiles.Tests\Frank.SourceGenerator.AdditionalFiles.Tests.csproj", "{506EC865-2CE2-4B70-B62E-254A0FF2B1BC}"
EndProject
Project("{FAE04EC0-301F-11D3-BF4B-00C04F79EFBC}") = "Frank.SourceGenerator.AdditionalFiles.Tests.Playground", "Frank.SourceGenerator.AdditionalFiles.Tests.Playground\Frank.SourceGenerator.AdditionalFiles.Tests.Playground.csproj", "{1D381C59-E487-403A-A533-B2343A74D0D4}"
EndProject
Project("{2150E333-8FDC-42A3-9474-1A3956D46DE8}") = "Files", "Files", "{FEC4F100-69DF-4C9C-AFE8-21B32D830DD1}"
	ProjectSection(SolutionItems) = preProject
		nuget.config = nuget.config
		readme.md = readme.md
	EndProjectSection
EndProject
Global
	GlobalSection(SolutionConfigurationPlatforms) = preSolution
		Debug|Any CPU = Debug|Any CPU
		Release|Any CPU = Release|Any CPU
	EndGlobalSection
	GlobalSection(SolutionProperties) = preSolution
		HideSolutionNode = FALSE
	EndGlobalSection
	GlobalSection(ProjectConfigurationPlatforms) = postSolution
		{74AF33E0-8E68-4109-9D05-361A275F2620}.Debug|Any CPU.ActiveCfg = Debug|Any CPU
		{74AF33E0-8E68-4109-9D05-361A275F2620}.Debug|Any CPU.Build.0 = Debug|Any CPU
		{74AF33E0-8E68-4109-9D05-361A275F2620}.Release|Any CPU.ActiveCfg = Release|Any CPU
		{74AF33E0-8E68-4109-9D05-361A275F2620}.Release|Any CPU.Build.0 = Release|Any CPU
		{506EC865-2CE2-4B70-B62E-254A0FF2B1BC}.Debug|Any CPU.ActiveCfg = Debug|Any CPU
		{506EC865-2CE2-4B70-B62E-254A0FF2B1BC}.Debug|Any CPU.Build.0 = Debug|Any CPU
		{506EC865-2CE2-4B70-B62E-254A0FF2B1BC}.Release|Any CPU.ActiveCfg = Release|Any CPU
		{506EC865-2CE2-4B70-B62E-254A0FF2B1BC}.Release|Any CPU.Build.0 = Release|Any CPU
		{1D381C59-E487-403A-A533-B2343A74D0D4}.Debug|Any CPU.ActiveCfg = Debug|Any CPU
		{1D381C59-E487-403A-A533-B2343A74D0D4}.Debug|Any CPU.Build.0 = Debug|Any CPU
		{1D381C59-E487-403A-A533-B2343A74D0D4}.Release|Any CPU.ActiveCfg = Release|Any CPU
		{1D381C59-E487-403A-A533-B2343A74D0D4}.Release|Any CPU.Build.0 = Release|Any CPU
	EndGlobalSection
EndGlobal
