
Microsoft Visual Studio Solution File, Format Version 12.00
# Visual Studio Version 17
VisualStudioVersion = 17.3.32728.150
MinimumVisualStudioVersion = 10.0.40219.1
Project("{FAE04EC0-301F-11D3-BF4B-00C04F79EFBC}") = "Frank.Analyzers.CodeLength", "Frank.Analyzers.CodeLength\Frank.Analyzers.CodeLength.csproj", "{5BA87DC8-0988-4E1B-94A3-6F3B50FE6744}"
EndProject
Project("{FAE04EC0-301F-11D3-BF4B-00C04F79EFBC}") = "Frank.Analyzers.CodeLength.CodeFixes", "Frank.Analyzers.CodeLength.CodeFixes\Frank.Analyzers.CodeLength.CodeFixes.csproj", "{BBA31ED0-C2EA-4898-9890-E19C3C581720}"
EndProject
Project("{FAE04EC0-301F-11D3-BF4B-00C04F79EFBC}") = "Frank.Analyzers.CodeLength.Package", "Frank.Analyzers.CodeLength.Package\Frank.Analyzers.CodeLength.Package.csproj", "{D6CECF45-AD92-4982-B3C8-50FDD19305FF}"
EndProject
Project("{FAE04EC0-301F-11D3-BF4B-00C04F79EFBC}") = "Frank.Analyzers.CodeLength.Test", "Frank.Analyzers.CodeLength.Test\Frank.Analyzers.CodeLength.Test.csproj", "{C4D8809E-1393-4E8B-AF8C-153FC6BC4A6E}"
EndProject
Global
	GlobalSection(SolutionConfigurationPlatforms) = preSolution
		Debug|Any CPU = Debug|Any CPU
		Release|Any CPU = Release|Any CPU
	EndGlobalSection
	GlobalSection(ProjectConfigurationPlatforms) = postSolution
		{5BA87DC8-0988-4E1B-94A3-6F3B50FE6744}.Debug|Any CPU.ActiveCfg = Debug|Any CPU
		{5BA87DC8-0988-4E1B-94A3-6F3B50FE6744}.Debug|Any CPU.Build.0 = Debug|Any CPU
		{5BA87DC8-0988-4E1B-94A3-6F3B50FE6744}.Release|Any CPU.ActiveCfg = Release|Any CPU
		{5BA87DC8-0988-4E1B-94A3-6F3B50FE6744}.Release|Any CPU.Build.0 = Release|Any CPU
		{BBA31ED0-C2EA-4898-9890-E19C3C581720}.Debug|Any CPU.ActiveCfg = Debug|Any CPU
		{BBA31ED0-C2EA-4898-9890-E19C3C581720}.Debug|Any CPU.Build.0 = Debug|Any CPU
		{BBA31ED0-C2EA-4898-9890-E19C3C581720}.Release|Any CPU.ActiveCfg = Release|Any CPU
		{BBA31ED0-C2EA-4898-9890-E19C3C581720}.Release|Any CPU.Build.0 = Release|Any CPU
		{D6CECF45-AD92-4982-B3C8-50FDD19305FF}.Debug|Any CPU.ActiveCfg = Debug|Any CPU
		{D6CECF45-AD92-4982-B3C8-50FDD19305FF}.Debug|Any CPU.Build.0 = Debug|Any CPU
		{D6CECF45-AD92-4982-B3C8-50FDD19305FF}.Release|Any CPU.ActiveCfg = Release|Any CPU
		{D6CECF45-AD92-4982-B3C8-50FDD19305FF}.Release|Any CPU.Build.0 = Release|Any CPU
		{C4D8809E-1393-4E8B-AF8C-153FC6BC4A6E}.Debug|Any CPU.ActiveCfg = Debug|Any CPU
		{C4D8809E-1393-4E8B-AF8C-153FC6BC4A6E}.Debug|Any CPU.Build.0 = Debug|Any CPU
		{C4D8809E-1393-4E8B-AF8C-153FC6BC4A6E}.Release|Any CPU.ActiveCfg = Release|Any CPU
		{C4D8809E-1393-4E8B-AF8C-153FC6BC4A6E}.Release|Any CPU.Build.0 = Release|Any CPU
	EndGlobalSection
	GlobalSection(SolutionProperties) = preSolution
		HideSolutionNode = FALSE
	EndGlobalSection
	GlobalSection(ExtensibilityGlobals) = postSolution
		SolutionGuid = {9C18032C-0890-479E-84EE-CB401B66394C}
	EndGlobalSection
EndGlobal
